{
  "name": "demovibes-uml",
  "version": "1.0.0",
  "lockfileVersion": 1,
  "requires": true,
  "dependencies": {
    "commander": {
      "version": "2.18.0",
      "resolved": "https://registry.npmjs.org/commander/-/commander-2.18.0.tgz",
      "integrity": "sha512-6CYPa+JP2ftfRU2qkDK+UTVeQYosOg/2GbcjIcKPHfinyOLPVGXu/ovN86RP49Re5ndJK1N0kuiidFFuepc4ZQ=="
    },
    "node-nailgun-client": {
      "version": "0.1.0",
      "resolved": "https://registry.npmjs.org/node-nailgun-client/-/node-nailgun-client-0.1.0.tgz",
      "integrity": "sha1-tkJNsGA3gaGT82c4Xi1hXKbfILI=",
      "requires": {
        "commander": "^2.8.1"
      }
    },
    "node-nailgun-server": {
      "version": "0.1.3",
      "resolved": "https://registry.npmjs.org/node-nailgun-server/-/node-nailgun-server-0.1.3.tgz",
      "integrity": "sha1-plCRjkhhXI18TSOT22cxblrQEvE=",
      "requires": {
        "commander": "^2.8.1"
      }
    },
    "node-plantuml-latest": {
      "version": "1.0.1",
      "resolved": "https://registry.npmjs.org/node-plantuml-latest/-/node-plantuml-latest-1.0.1.tgz",
      "integrity": "sha512-V7F9/QtQWXKi1wg+hMXi3dF7Ae8jVGekqaPNpwuQvNwIuHRg1Njd8gNpRNShm+pyxDVX6xdWCtcEeK6u3A1/tg==",
      "requires": {
        "commander": "^2.8.1",
        "node-nailgun-client": "^0.1.0",
        "node-nailgun-server": "^0.1.3",
        "plantuml-encoder": "^1.2.4"
      }
    },
    "pako": {
      "version": "1.0.3",
      "resolved": "https://registry.npmjs.org/pako/-/pako-1.0.3.tgz",
      "integrity": "sha1-X1FbDGci4ZgpIK6ABerLC3ynPM8="
    },
    "plantuml-encoder": {
      "version": "1.2.5",
      "resolved": "https://registry.npmjs.org/plantuml-encoder/-/plantuml-encoder-1.2.5.tgz",
      "integrity": "sha512-viV7Sz+BJNX/sC3iyebh2VfLyAZKuu3+JuBs2ISms8+zoTGwPqwk3/WEDw/zROmGAJ/xD4sNd8zsBw/YmTo7ng==",
      "requires": {
        "pako": "1.0.3",
        "utf8-bytes": "0.0.1"
      }
    },
    "utf8-bytes": {
      "version": "0.0.1",
      "resolved": "https://registry.npmjs.org/utf8-bytes/-/utf8-bytes-0.0.1.tgz",
      "integrity": "sha1-EWsCVEjJtQAIHN+/H01sbDfYg30="
    }
  }
}
